{
  "nodes": {
    "home-manager": {
      "inputs": {
        "nixpkgs": [
          "nixpkgs"
        ]
      },
      "locked": {
        "lastModified": 1702735279,
        "narHash": "sha256-SztEzDOE/6bDNnWWvnRbSHPVrgewLwdSei1sxoZFejM=",
        "owner": "nix-community",
        "repo": "home-manager",
        "rev": "e9b9ecef4295a835ab073814f100498716b05a96",
        "type": "github"
      },
      "original": {
        "owner": "nix-community",
        "repo": "home-manager",
        "type": "github"
      }
    },
    "master": {
      "locked": {
        "lastModified": 1702803173,
        "narHash": "sha256-cQrcOhJ7Alk8WpaQpW7XCIov/TS1h+Xq2hPBPpfCxo8=",
        "owner": "NixOS",
        "repo": "nixpkgs",
        "rev": "a96dfb45810f41a6e0f6db5a6bae8039a5927093",
        "type": "github"
      },
      "original": {
        "owner": "NixOS",
        "ref": "master",
        "repo": "nixpkgs",
        "type": "github"
      }
    },
    "nix-index-database": {
      "inputs": {
        "nixpkgs": [
          "nixpkgs"
        ]
      },
      "locked": {
        "lastModified": 1702782546,
        "narHash": "sha256-Y/y9Xpd8W2CSFIAXJExAvg72J8STmGk7CP2Vv91t930=",
        "owner": "Mic92",
        "repo": "nix-index-database",
        "rev": "27edc98a32959b003e4bcef9719ad6f24e312343",
        "type": "github"
      },
      "original": {
        "owner": "Mic92",
        "repo": "nix-index-database",
        "type": "github"
      }
    },
    "nixpkgs": {
      "locked": {
        "lastModified": 1702312524,
        "narHash": "sha256-gkZJRDBUCpTPBvQk25G0B7vfbpEYM5s5OZqghkjZsnE=",
        "owner": "NixOS",
        "repo": "nixpkgs",
        "rev": "a9bf124c46ef298113270b1f84a164865987a91c",
        "type": "github"
      },
      "original": {
        "owner": "NixOS",
        "ref": "nixos-unstable",
        "repo": "nixpkgs",
        "type": "github"
      }
    },
    "plasma-manager": {
      "inputs": {
        "home-manager": [
          "home-manager"
        ],
        "nixpkgs": [
          "nixpkgs"
        ]
      },
      "locked": {
        "lastModified": 1700267030,
        "narHash": "sha256-1ke+7xrkCVOI13RJ1w6EjCGcJywkN3bbTKbLWAt4jaE=",
        "owner": "pjones",
        "repo": "plasma-manager",
        "rev": "019a8fd22a26c8d59f63aa9cc8a9c1729d6ffbda",
        "type": "github"
      },
      "original": {
        "owner": "pjones",
        "repo": "plasma-manager",
        "type": "github"
      }
    },
    "root": {
      "inputs": {
        "home-manager": "home-manager",
        "master": "master",
        "nix-index-database": "nix-index-database",
        "nixpkgs": "nixpkgs",
        "plasma-manager": "plasma-manager",
        "stable": "stable"
      }
    },
    "stable": {
      "locked": {
        "lastModified": 1702350026,
        "narHash": "sha256-A+GNZFZdfl4JdDphYKBJ5Ef1HOiFsP18vQe9mqjmUis=",
        "owner": "NixOS",
        "repo": "nixpkgs",
        "rev": "9463103069725474698139ab10f17a9d125da859",
        "type": "github"
      },
      "original": {
        "owner": "NixOS",
        "ref": "nixos-23.05",
        "repo": "nixpkgs",
        "type": "github"
      }
    }
  },
  "root": "root",
  "version": 7
}
