{
  "nodes": {
    "home-manager": {
      "inputs": {
        "nixpkgs": [
          "nixpkgs"
        ]
      },
      "locked": {
        "lastModified": 1703368619,
        "narHash": "sha256-ZGPMYL7FMA6enhuwby961bBANmoFX14EA86m2/Jw5Jo=",
        "owner": "nix-community",
        "repo": "home-manager",
        "rev": "a2523ea0343b056ba240abbac90ab5f116a7aa7b",
        "type": "github"
      },
      "original": {
        "owner": "nix-community",
        "repo": "home-manager",
        "type": "github"
      }
    },
    "master": {
      "locked": {
        "lastModified": 1703404441,
        "narHash": "sha256-FpcakrlxSUvnFEYc00L0+urD5bABUQkpqvVmh5CK3KQ=",
        "owner": "NixOS",
        "repo": "nixpkgs",
        "rev": "b0437674626647ea3f35862de3565e128a4eff2c",
        "type": "github"
      },
      "original": {
        "owner": "NixOS",
        "ref": "master",
        "repo": "nixpkgs",
        "type": "github"
      }
    },
    "nix-index-database": {
      "inputs": {
        "nixpkgs": [
          "nixpkgs"
        ]
      },
      "locked": {
        "lastModified": 1703387252,
        "narHash": "sha256-XKJqGj0BaEn/zyctEnkgVIh6Ba1rgTRc+UBi9EU8Y54=",
        "owner": "Mic92",
        "repo": "nix-index-database",
        "rev": "f4340c1a42c38d79293ba69bfd839fbd6268a538",
        "type": "github"
      },
      "original": {
        "owner": "Mic92",
        "repo": "nix-index-database",
        "type": "github"
      }
    },
    "nixpkgs": {
      "locked": {
        "lastModified": 1703255338,
        "narHash": "sha256-Z6wfYJQKmDN9xciTwU3cOiOk+NElxdZwy/FiHctCzjU=",
        "owner": "NixOS",
        "repo": "nixpkgs",
        "rev": "6df37dc6a77654682fe9f071c62b4242b5342e04",
        "type": "github"
      },
      "original": {
        "owner": "NixOS",
        "ref": "nixos-unstable",
        "repo": "nixpkgs",
        "type": "github"
      }
    },
    "plasma-manager": {
      "inputs": {
        "home-manager": [
          "home-manager"
        ],
        "nixpkgs": [
          "nixpkgs"
        ]
      },
      "locked": {
        "lastModified": 1703264118,
        "narHash": "sha256-YzwzOqSDNLFcG2HulMw0k5reDhBPysq9AT1D8Y0Rky8=",
        "owner": "pjones",
        "repo": "plasma-manager",
        "rev": "8e8f0852a49f9f776cbaf2156ebe8b4a8d4bf720",
        "type": "github"
      },
      "original": {
        "owner": "pjones",
        "repo": "plasma-manager",
        "type": "github"
      }
    },
    "root": {
      "inputs": {
        "home-manager": "home-manager",
        "master": "master",
        "nix-index-database": "nix-index-database",
        "nixpkgs": "nixpkgs",
        "plasma-manager": "plasma-manager",
        "stable": "stable"
      }
    },
    "stable": {
      "locked": {
        "lastModified": 1703034876,
        "narHash": "sha256-4bMPFv/bs5g1nEsXQwXlrAGJgjv1Ilr0ejdaTkBwQLs=",
        "owner": "NixOS",
        "repo": "nixpkgs",
        "rev": "312ab59e8ade69e6083017bd9b98a2919f1fb86a",
        "type": "github"
      },
      "original": {
        "owner": "NixOS",
        "ref": "nixos-23.05",
        "repo": "nixpkgs",
        "type": "github"
      }
    }
  },
  "root": "root",
  "version": 7
}
